
Microsoft Visual Studio Solution File, Format Version 12.00
# Visual Studio Version 17
VisualStudioVersion = 17.6.33829.357
MinimumVisualStudioVersion = 10.0.40219.1
Project("{9A19103F-16F7-4668-BE54-9A1E7A4F7556}") = "TechTest", "TechTest\TechTest.csproj", "{49A670A2-5BAF-4472-80EB-40BB2A465D46}"
EndProject
Project("{FAE04EC0-301F-11D3-BF4B-00C04F79EFBC}") = "UnitTest", "UnitTest\UnitTest.csproj", "{4E789DF9-04B5-47DA-BA0A-4954AB9B1ADC}"
EndProject
Global
	GlobalSection(SolutionConfigurationPlatforms) = preSolution
		Debug|Any CPU = Debug|Any CPU
		Release|Any CPU = Release|Any CPU
	EndGlobalSection
	GlobalSection(ProjectConfigurationPlatforms) = postSolution
		{49A670A2-5BAF-4472-80EB-40BB2A465D46}.Debug|Any CPU.ActiveCfg = Debug|Any CPU
		{49A670A2-5BAF-4472-80EB-40BB2A465D46}.Debug|Any CPU.Build.0 = Debug|Any CPU
		{49A670A2-5BAF-4472-80EB-40BB2A465D46}.Release|Any CPU.ActiveCfg = Release|Any CPU
		{49A670A2-5BAF-4472-80EB-40BB2A465D46}.Release|Any CPU.Build.0 = Release|Any CPU
		{4E789DF9-04B5-47DA-BA0A-4954AB9B1ADC}.Debug|Any CPU.ActiveCfg = Debug|Any CPU
		{4E789DF9-04B5-47DA-BA0A-4954AB9B1ADC}.Debug|Any CPU.Build.0 = Debug|Any CPU
		{4E789DF9-04B5-47DA-BA0A-4954AB9B1ADC}.Release|Any CPU.ActiveCfg = Release|Any CPU
		{4E789DF9-04B5-47DA-BA0A-4954AB9B1ADC}.Release|Any CPU.Build.0 = Release|Any CPU
	EndGlobalSection
	GlobalSection(SolutionProperties) = preSolution
		HideSolutionNode = FALSE
	EndGlobalSection
	GlobalSection(ExtensibilityGlobals) = postSolution
		SolutionGuid = {F0CB457A-5E68-4903-B5E5-A9D9EF59CBD7}
	EndGlobalSection
EndGlobal
